
Microsoft Visual Studio Solution File, Format Version 12.00
# Visual Studio Version 17
VisualStudioVersion = 17.8.34511.84
MinimumVisualStudioVersion = 10.0.40219.1
Project("{FAE04EC0-301F-11D3-BF4B-00C04F79EFBC}") = "Projeto WorkCycle", "Projeto WorkCycle\Projeto WorkCycle.csproj", "{ECA40AAF-882F-4A82-8EB3-1598B93A4E5F}"
EndProject
Global
	GlobalSection(SolutionConfigurationPlatforms) = preSolution
		Debug|Any CPU = Debug|Any CPU
		Release|Any CPU = Release|Any CPU
	EndGlobalSection
	GlobalSection(ProjectConfigurationPlatforms) = postSolution
		{ECA40AAF-882F-4A82-8EB3-1598B93A4E5F}.Debug|Any CPU.ActiveCfg = Debug|Any CPU
		{ECA40AAF-882F-4A82-8EB3-1598B93A4E5F}.Debug|Any CPU.Build.0 = Debug|Any CPU
		{ECA40AAF-882F-4A82-8EB3-1598B93A4E5F}.Release|Any CPU.ActiveCfg = Release|Any CPU
		{ECA40AAF-882F-4A82-8EB3-1598B93A4E5F}.Release|Any CPU.Build.0 = Release|Any CPU
	EndGlobalSection
	GlobalSection(SolutionProperties) = preSolution
		HideSolutionNode = FALSE
	EndGlobalSection
	GlobalSection(ExtensibilityGlobals) = postSolution
		SolutionGuid = {0FE270FE-5ED8-4465-B80E-A180283E56DB}
	EndGlobalSection
EndGlobal
